// !$*UTF8*$!
{
	archiveVersion = 1;
	classes = {
	};
	objectVersion = 46;
	objects = {

/* Begin PBXBuildFile section */
		50392A911D8D5A1B008FA159 /* RootViewController.swift in Sources */ = {isa = PBXBuildFile; fileRef = 50392A901D8D5A1B008FA159 /* RootViewController.swift */; };
		50392A941D8D8649008FA159 /* Analytics.storyboard in Resources */ = {isa = PBXBuildFile; fileRef = 50392A931D8D8649008FA159 /* Analytics.storyboard */; };
		50392A961D8D86B1008FA159 /* AnalyticsViewController.swift in Sources */ = {isa = PBXBuildFile; fileRef = 50392A951D8D86B1008FA159 /* AnalyticsViewController.swift */; };
		50594B931D8BC4E90075247D /* AppDelegate.swift in Sources */ = {isa = PBXBuildFile; fileRef = 50594B921D8BC4E90075247D /* AppDelegate.swift */; };
		50594B981D8BC4E90075247D /* Main.storyboard in Resources */ = {isa = PBXBuildFile; fileRef = 50594B961D8BC4E90075247D /* Main.storyboard */; };
		50594B9A1D8BC4E90075247D /* Assets.xcassets in Resources */ = {isa = PBXBuildFile; fileRef = 50594B991D8BC4E90075247D /* Assets.xcassets */; };
		50594B9D1D8BC4E90075247D /* LaunchScreen.storyboard in Resources */ = {isa = PBXBuildFile; fileRef = 50594B9B1D8BC4E90075247D /* LaunchScreen.storyboard */; };
		508EA1281D8BC9FE004B00A1 /* GoogleService-Info.plist in Resources */ = {isa = PBXBuildFile; fileRef = 508EA1271D8BC9FE004B00A1 /* GoogleService-Info.plist */; };
		6E63063747CA2B24ABD8A7EA /* Pods_FireAce.framework in Frameworks */ = {isa = PBXBuildFile; fileRef = DE78FF540503C22EAFEF31A8 /* Pods_FireAce.framework */; };
/* End PBXBuildFile section */

/* Begin PBXFileReference section */
		2C5EB41A218EF644701726B7 /* Pods-FireAce.debug.xcconfig */ = {isa = PBXFileReference; includeInIndex = 1; lastKnownFileType = text.xcconfig; name = "Pods-FireAce.debug.xcconfig"; path = "Pods/Target Support Files/Pods-FireAce/Pods-FireAce.debug.xcconfig"; sourceTree = "<group>"; };
		50392A901D8D5A1B008FA159 /* RootViewController.swift */ = {isa = PBXFileReference; fileEncoding = 4; lastKnownFileType = sourcecode.swift; path = RootViewController.swift; sourceTree = "<group>"; };
		50392A931D8D8649008FA159 /* Analytics.storyboard */ = {isa = PBXFileReference; fileEncoding = 4; lastKnownFileType = file.storyboard; path = Analytics.storyboard; sourceTree = "<group>"; };
		50392A951D8D86B1008FA159 /* AnalyticsViewController.swift */ = {isa = PBXFileReference; fileEncoding = 4; lastKnownFileType = sourcecode.swift; path = AnalyticsViewController.swift; sourceTree = "<group>"; };
		50594B8F1D8BC4E90075247D /* FireAce.app */ = {isa = PBXFileReference; explicitFileType = wrapper.application; includeInIndex = 0; path = FireAce.app; sourceTree = BUILT_PRODUCTS_DIR; };
		50594B921D8BC4E90075247D /* AppDelegate.swift */ = {isa = PBXFileReference; lastKnownFileType = sourcecode.swift; path = AppDelegate.swift; sourceTree = "<group>"; };
		50594B971D8BC4E90075247D /* Base */ = {isa = PBXFileReference; lastKnownFileType = file.storyboard; name = Base; path = Base.lproj/Main.storyboard; sourceTree = "<group>"; };
		50594B991D8BC4E90075247D /* Assets.xcassets */ = {isa = PBXFileReference; lastKnownFileType = folder.assetcatalog; path = Assets.xcassets; sourceTree = "<group>"; };
		50594B9C1D8BC4E90075247D /* Base */ = {isa = PBXFileReference; lastKnownFileType = file.storyboard; name = Base; path = Base.lproj/LaunchScreen.storyboard; sourceTree = "<group>"; };
		50594B9E1D8BC4E90075247D /* Info.plist */ = {isa = PBXFileReference; lastKnownFileType = text.plist.xml; path = Info.plist; sourceTree = "<group>"; };
		508EA1271D8BC9FE004B00A1 /* GoogleService-Info.plist */ = {isa = PBXFileReference; fileEncoding = 4; lastKnownFileType = text.plist.xml; path = "GoogleService-Info.plist"; sourceTree = SOURCE_ROOT; };
		B7236A96CFBDA1765013A545 /* Pods-FireAce.release.xcconfig */ = {isa = PBXFileReference; includeInIndex = 1; lastKnownFileType = text.xcconfig; name = "Pods-FireAce.release.xcconfig"; path = "Pods/Target Support Files/Pods-FireAce/Pods-FireAce.release.xcconfig"; sourceTree = "<group>"; };
		DE78FF540503C22EAFEF31A8 /* Pods_FireAce.framework */ = {isa = PBXFileReference; explicitFileType = wrapper.framework; includeInIndex = 0; path = Pods_FireAce.framework; sourceTree = BUILT_PRODUCTS_DIR; };
/* End PBXFileReference section */

/* Begin PBXFrameworksBuildPhase section */
		50594B8C1D8BC4E90075247D /* Frameworks */ = {
			isa = PBXFrameworksBuildPhase;
			buildActionMask = 2147483647;
			files = (
				6E63063747CA2B24ABD8A7EA /* Pods_FireAce.framework in Frameworks */,
			);
			runOnlyForDeploymentPostprocessing = 0;
		};
/* End PBXFrameworksBuildPhase section */

/* Begin PBXGroup section */
		3CB40B6E719C9470495513F5 /* Frameworks */ = {
			isa = PBXGroup;
			children = (
				DE78FF540503C22EAFEF31A8 /* Pods_FireAce.framework */,
			);
			name = Frameworks;
			sourceTree = "<group>";
		};
		50392A921D8D861E008FA159 /* Analytics */ = {
			isa = PBXGroup;
			children = (
				50392A931D8D8649008FA159 /* Analytics.storyboard */,
				50392A951D8D86B1008FA159 /* AnalyticsViewController.swift */,
			);
			path = Analytics;
			sourceTree = "<group>";
		};
		50594B861D8BC4E90075247D = {
			isa = PBXGroup;
			children = (
				50594B911D8BC4E90075247D /* FireAce */,
				50594B901D8BC4E90075247D /* Products */,
				89B45334FBCA9FD0F7B8C7D3 /* Pods */,
				3CB40B6E719C9470495513F5 /* Frameworks */,
			);
			sourceTree = "<group>";
		};
		50594B901D8BC4E90075247D /* Products */ = {
			isa = PBXGroup;
			children = (
				50594B8F1D8BC4E90075247D /* FireAce.app */,
			);
			name = Products;
			sourceTree = "<group>";
		};
		50594B911D8BC4E90075247D /* FireAce */ = {
			isa = PBXGroup;
			children = (
				50392A921D8D861E008FA159 /* Analytics */,
				50594B921D8BC4E90075247D /* AppDelegate.swift */,
				50392A901D8D5A1B008FA159 /* RootViewController.swift */,
				50594B961D8BC4E90075247D /* Main.storyboard */,
				50594B991D8BC4E90075247D /* Assets.xcassets */,
				50594B9B1D8BC4E90075247D /* LaunchScreen.storyboard */,
				50594B9E1D8BC4E90075247D /* Info.plist */,
				508EA1271D8BC9FE004B00A1 /* GoogleService-Info.plist */,
			);
			path = FireAce;
			sourceTree = "<group>";
		};
		89B45334FBCA9FD0F7B8C7D3 /* Pods */ = {
			isa = PBXGroup;
			children = (
				2C5EB41A218EF644701726B7 /* Pods-FireAce.debug.xcconfig */,
				B7236A96CFBDA1765013A545 /* Pods-FireAce.release.xcconfig */,
			);
			name = Pods;
			sourceTree = "<group>";
		};
/* End PBXGroup section */

/* Begin PBXNativeTarget section */
		50594B8E1D8BC4E90075247D /* FireAce */ = {
			isa = PBXNativeTarget;
			buildConfigurationList = 50594BA11D8BC4E90075247D /* Build configuration list for PBXNativeTarget "FireAce" */;
			buildPhases = (
				49C60ADA7AA5AC736D5EC583 /* [CP] Check Pods Manifest.lock */,
				50594B8B1D8BC4E90075247D /* Sources */,
				50594B8C1D8BC4E90075247D /* Frameworks */,
				50594B8D1D8BC4E90075247D /* Resources */,
				1922CCE63A75A545E444AEC3 /* [CP] Embed Pods Frameworks */,
				AA223521AC54CDEB636C1465 /* [CP] Copy Pods Resources */,
			);
			buildRules = (
			);
			dependencies = (
			);
			name = FireAce;
			productName = FireAce;
			productReference = 50594B8F1D8BC4E90075247D /* FireAce.app */;
			productType = "com.apple.product-type.application";
		};
/* End PBXNativeTarget section */

/* Begin PBXProject section */
		50594B871D8BC4E90075247D /* Project object */ = {
			isa = PBXProject;
			attributes = {
				LastSwiftUpdateCheck = 0730;
				LastUpgradeCheck = 0730;
				ORGANIZATIONNAME = hironytic;
				TargetAttributes = {
					50594B8E1D8BC4E90075247D = {
						CreatedOnToolsVersion = 7.3.1;
					};
				};
			};
			buildConfigurationList = 50594B8A1D8BC4E90075247D /* Build configuration list for PBXProject "FireAce" */;
			compatibilityVersion = "Xcode 3.2";
			developmentRegion = English;
			hasScannedForEncodings = 0;
			knownRegions = (
				en,
				Base,
			);
			mainGroup = 50594B861D8BC4E90075247D;
			productRefGroup = 50594B901D8BC4E90075247D /* Products */;
			projectDirPath = "";
			projectRoot = "";
			targets = (
				50594B8E1D8BC4E90075247D /* FireAce */,
			);
		};
/* End PBXProject section */

/* Begin PBXResourcesBuildPhase section */
		50594B8D1D8BC4E90075247D /* Resources */ = {
			isa = PBXResourcesBuildPhase;
			buildActionMask = 2147483647;
			files = (
				50594B9D1D8BC4E90075247D /* LaunchScreen.storyboard in Resources */,
				508EA1281D8BC9FE004B00A1 /* GoogleService-Info.plist in Resources */,
				50392A941D8D8649008FA159 /* Analytics.storyboard in Resources */,
				50594B9A1D8BC4E90075247D /* Assets.xcassets in Resources */,
				50594B981D8BC4E90075247D /* Main.storyboard in Resources */,
			);
			runOnlyForDeploymentPostprocessing = 0;
		};
/* End PBXResourcesBuildPhase section */

/* Begin PBXShellScriptBuildPhase section */
		1922CCE63A75A545E444AEC3 /* [CP] Embed Pods Frameworks */ = {
			isa = PBXShellScriptBuildPhase;
			buildActionMask = 2147483647;
			files = (
			);
			inputPaths = (
			);
			name = "[CP] Embed Pods Frameworks";
			outputPaths = (
			);
			runOnlyForDeploymentPostprocessing = 0;
			shellPath = /bin/sh;
			shellScript = "\"${SRCROOT}/Pods/Target Support Files/Pods-FireAce/Pods-FireAce-frameworks.sh\"\n";
			showEnvVarsInLog = 0;
		};
		49C60ADA7AA5AC736D5EC583 /* [CP] Check Pods Manifest.lock */ = {
			isa = PBXShellScriptBuildPhase;
			buildActionMask = 2147483647;
			files = (
			);
			inputPaths = (
			);
			name = "[CP] Check Pods Manifest.lock";
			outputPaths = (
			);
			runOnlyForDeploymentPostprocessing = 0;
			shellPath = /bin/sh;
			shellScript = "diff \"${PODS_ROOT}/../Podfile.lock\" \"${PODS_ROOT}/Manifest.lock\" > /dev/null\nif [[ $? != 0 ]] ; then\n    cat << EOM\nerror: The sandbox is not in sync with the Podfile.lock. Run 'pod install' or update your CocoaPods installation.\nEOM\n    exit 1\nfi\n";
			showEnvVarsInLog = 0;
		};
		AA223521AC54CDEB636C1465 /* [CP] Copy Pods Resources */ = {
			isa = PBXShellScriptBuildPhase;
			buildActionMask = 2147483647;
			files = (
			);
			inputPaths = (
			);
			name = "[CP] Copy Pods Resources";
			outputPaths = (
			);
			runOnlyForDeploymentPostprocessing = 0;
			shellPath = /bin/sh;
			shellScript = "\"${SRCROOT}/Pods/Target Support Files/Pods-FireAce/Pods-FireAce-resources.sh\"\n";
			showEnvVarsInLog = 0;
		};
/* End PBXShellScriptBuildPhase section */

/* Begin PBXSourcesBuildPhase section */
		50594B8B1D8BC4E90075247D /* Sources */ = {
			isa = PBXSourcesBuildPhase;
			buildActionMask = 2147483647;
			files = (
				50594B931D8BC4E90075247D /* AppDelegate.swift in Sources */,
				50392A911D8D5A1B008FA159 /* RootViewController.swift in Sources */,
				50392A961D8D86B1008FA159 /* AnalyticsViewController.swift in Sources */,
			);
			runOnlyForDeploymentPostprocessing = 0;
		};
/* End PBXSourcesBuildPhase section */

/* Begin PBXVariantGroup section */
		50594B961D8BC4E90075247D /* Main.storyboard */ = {
			isa = PBXVariantGroup;
			children = (
				50594B971D8BC4E90075247D /* Base */,
			);
			name = Main.storyboard;
			sourceTree = "<group>";
		};
		50594B9B1D8BC4E90075247D /* LaunchScreen.storyboard */ = {
			isa = PBXVariantGroup;
			children = (
				50594B9C1D8BC4E90075247D /* Base */,
			);
			name = LaunchScreen.storyboard;
			sourceTree = "<group>";
		};
/* End PBXVariantGroup section */

/* Begin XCBuildConfiguration section */
		50594B9F1D8BC4E90075247D /* Debug */ = {
			isa = XCBuildConfiguration;
			buildSettings = {
				ALWAYS_SEARCH_USER_PATHS = NO;
				CLANG_ANALYZER_NONNULL = YES;
				CLANG_CXX_LANGUAGE_STANDARD = "gnu++0x";
				CLANG_CXX_LIBRARY = "libc++";
				CLANG_ENABLE_MODULES = YES;
				CLANG_ENABLE_OBJC_ARC = YES;
				CLANG_WARN_BOOL_CONVERSION = YES;
				CLANG_WARN_CONSTANT_CONVERSION = YES;
				CLANG_WARN_DIRECT_OBJC_ISA_USAGE = YES_ERROR;
				CLANG_WARN_EMPTY_BODY = YES;
				CLANG_WARN_ENUM_CONVERSION = YES;
				CLANG_WARN_INT_CONVERSION = YES;
				CLANG_WARN_OBJC_ROOT_CLASS = YES_ERROR;
				CLANG_WARN_UNREACHABLE_CODE = YES;
				CLANG_WARN__DUPLICATE_METHOD_MATCH = YES;
				"CODE_SIGN_IDENTITY[sdk=iphoneos*]" = "iPhone Developer";
				COPY_PHASE_STRIP = NO;
				DEBUG_INFORMATION_FORMAT = dwarf;
				ENABLE_STRICT_OBJC_MSGSEND = YES;
				ENABLE_TESTABILITY = YES;
				GCC_C_LANGUAGE_STANDARD = gnu99;
				GCC_DYNAMIC_NO_PIC = NO;
				GCC_NO_COMMON_BLOCKS = YES;
				GCC_OPTIMIZATION_LEVEL = 0;
				GCC_PREPROCESSOR_DEFINITIONS = (
					"DEBUG=1",
					"$(inherited)",
				);
				GCC_WARN_64_TO_32_BIT_CONVERSION = YES;
				GCC_WARN_ABOUT_RETURN_TYPE = YES_ERROR;
				GCC_WARN_UNDECLARED_SELECTOR = YES;
				GCC_WARN_UNINITIALIZED_AUTOS = YES_AGGRESSIVE;
				GCC_WARN_UNUSED_FUNCTION = YES;
				GCC_WARN_UNUSED_VARIABLE = YES;
				IPHONEOS_DEPLOYMENT_TARGET = 9.3;
				MTL_ENABLE_DEBUG_INFO = YES;
				ONLY_ACTIVE_ARCH = YES;
				SDKROOT = iphoneos;
				SWIFT_OPTIMIZATION_LEVEL = "-Onone";
				TARGETED_DEVICE_FAMILY = "1,2";
			};
			name = Debug;
		};
		50594BA01D8BC4E90075247D /* Release */ = {
			isa = XCBuildConfiguration;
			buildSettings = {
				ALWAYS_SEARCH_USER_PATHS = NO;
				CLANG_ANALYZER_NONNULL = YES;
				CLANG_CXX_LANGUAGE_STANDARD = "gnu++0x";
				CLANG_CXX_LIBRARY = "libc++";
				CLANG_ENABLE_MODULES = YES;
				CLANG_ENABLE_OBJC_ARC = YES;
				CLANG_WARN_BOOL_CONVERSION = YES;
				CLANG_WARN_CONSTANT_CONVERSION = YES;
				CLANG_WARN_DIRECT_OBJC_ISA_USAGE = YES_ERROR;
				CLANG_WARN_EMPTY_BODY = YES;
				CLANG_WARN_ENUM_CONVERSION = YES;
				CLANG_WARN_INT_CONVERSION = YES;
				CLANG_WARN_OBJC_ROOT_CLASS = YES_ERROR;
				CLANG_WARN_UNREACHABLE_CODE = YES;
				CLANG_WARN__DUPLICATE_METHOD_MATCH = YES;
				"CODE_SIGN_IDENTITY[sdk=iphoneos*]" = "iPhone Developer";
				COPY_PHASE_STRIP = NO;
				DEBUG_INFORMATION_FORMAT = "dwarf-with-dsym";
				ENABLE_NS_ASSERTIONS = NO;
				ENABLE_STRICT_OBJC_MSGSEND = YES;
				GCC_C_LANGUAGE_STANDARD = gnu99;
				GCC_NO_COMMON_BLOCKS = YES;
				GCC_WARN_64_TO_32_BIT_CONVERSION = YES;
				GCC_WARN_ABOUT_RETURN_TYPE = YES_ERROR;
				GCC_WARN_UNDECLARED_SELECTOR = YES;
				GCC_WARN_UNINITIALIZED_AUTOS = YES_AGGRESSIVE;
				GCC_WARN_UNUSED_FUNCTION = YES;
				GCC_WARN_UNUSED_VARIABLE = YES;
				IPHONEOS_DEPLOYMENT_TARGET = 9.3;
				MTL_ENABLE_DEBUG_INFO = NO;
				SDKROOT = iphoneos;
				TARGETED_DEVICE_FAMILY = "1,2";
				VALIDATE_PRODUCT = YES;
			};
			name = Release;
		};
		50594BA21D8BC4E90075247D /* Debug */ = {
			isa = XCBuildConfiguration;
			baseConfigurationReference = 2C5EB41A218EF644701726B7 /* Pods-FireAce.debug.xcconfig */;
			buildSettings = {
				ASSETCATALOG_COMPILER_APPICON_NAME = AppIcon;
				INFOPLIST_FILE = FireAce/Info.plist;
				LD_RUNPATH_SEARCH_PATHS = "$(inherited) @executable_path/Frameworks";
				PRODUCT_BUNDLE_IDENTIFIER = com.hironytic.exp.FireAce;
				PRODUCT_NAME = "$(TARGET_NAME)";
			};
			name = Debug;
		};
		50594BA31D8BC4E90075247D /* Release */ = {
			isa = XCBuildConfiguration;
			baseConfigurationReference = B7236A96CFBDA1765013A545 /* Pods-FireAce.release.xcconfig */;
			buildSettings = {
				ASSETCATALOG_COMPILER_APPICON_NAME = AppIcon;
				INFOPLIST_FILE = FireAce/Info.plist;
				LD_RUNPATH_SEARCH_PATHS = "$(inherited) @executable_path/Frameworks";
				PRODUCT_BUNDLE_IDENTIFIER = com.hironytic.exp.FireAce;
				PRODUCT_NAME = "$(TARGET_NAME)";
			};
			name = Release;
		};
/* End XCBuildConfiguration section */

/* Begin XCConfigurationList section */
		50594B8A1D8BC4E90075247D /* Build configuration list for PBXProject "FireAce" */ = {
			isa = XCConfigurationList;
			buildConfigurations = (
				50594B9F1D8BC4E90075247D /* Debug */,
				50594BA01D8BC4E90075247D /* Release */,
			);
			defaultConfigurationIsVisible = 0;
			defaultConfigurationName = Release;
		};
		50594BA11D8BC4E90075247D /* Build configuration list for PBXNativeTarget "FireAce" */ = {
			isa = XCConfigurationList;
			buildConfigurations = (
				50594BA21D8BC4E90075247D /* Debug */,
				50594BA31D8BC4E90075247D /* Release */,
			);
			defaultConfigurationIsVisible = 0;
			defaultConfigurationName = Release;
		};
/* End XCConfigurationList section */
	};
	rootObject = 50594B871D8BC4E90075247D /* Project object */;
}
